
Microsoft Visual Studio Solution File, Format Version 12.00
# Visual Studio Version 16
VisualStudioVersion = 16.0.33027.164
MinimumVisualStudioVersion = 10.0.40219.1
Project("{9A19103F-16F7-4668-BE54-9A1E7A4F7556}") = "LabAssignment5", "LabAssignment5.csproj", "{3640EE86-3E65-487C-BB8D-A73F867DE1A1}"
EndProject
Global
	GlobalSection(SolutionConfigurationPlatforms) = preSolution
		Debug|Any CPU = Debug|Any CPU
		Release|Any CPU = Release|Any CPU
	EndGlobalSection
	GlobalSection(ProjectConfigurationPlatforms) = postSolution
		{3640EE86-3E65-487C-BB8D-A73F867DE1A1}.Debug|Any CPU.ActiveCfg = Debug|Any CPU
		{3640EE86-3E65-487C-BB8D-A73F867DE1A1}.Debug|Any CPU.Build.0 = Debug|Any CPU
		{3640EE86-3E65-487C-BB8D-A73F867DE1A1}.Release|Any CPU.ActiveCfg = Release|Any CPU
		{3640EE86-3E65-487C-BB8D-A73F867DE1A1}.Release|Any CPU.Build.0 = Release|Any CPU
	EndGlobalSection
	GlobalSection(SolutionProperties) = preSolution
		HideSolutionNode = FALSE
	EndGlobalSection
	GlobalSection(ExtensibilityGlobals) = postSolution
		SolutionGuid = {9B716146-62EC-44E4-B8B7-C7DB2D884AD6}
	EndGlobalSection
EndGlobal
